
Microsoft Visual Studio Solution File, Format Version 12.00
# Visual Studio Version 17
VisualStudioVersion = 17.0.31903.59
MinimumVisualStudioVersion = 10.0.40219.1
Project("{FAE04EC0-301F-11D3-BF4B-00C04F79EFBC}") = "PersonalFinanceTracker.UnitTests", "PersonalFinanceTracker.UnitTests\PersonalFinanceTracker.UnitTests.csproj", "{9690DE84-06A9-4DE1-A12B-45A7461D0BA2}"
EndProject
Project("{FAE04EC0-301F-11D3-BF4B-00C04F79EFBC}") = "PersonalFinanceTracker.WpfApp", "PersonalFinanceTracker.WpfApp\PersonalFinanceTracker.WpfApp.csproj", "{25999E11-03EC-4E20-89EB-1F85831E7F81}"
EndProject
Global
	GlobalSection(SolutionConfigurationPlatforms) = preSolution
		Debug|Any CPU = Debug|Any CPU
		Release|Any CPU = Release|Any CPU
	EndGlobalSection
	GlobalSection(SolutionProperties) = preSolution
		HideSolutionNode = FALSE
	EndGlobalSection
	GlobalSection(ProjectConfigurationPlatforms) = postSolution
		{9690DE84-06A9-4DE1-A12B-45A7461D0BA2}.Debug|Any CPU.ActiveCfg = Debug|Any CPU
		{9690DE84-06A9-4DE1-A12B-45A7461D0BA2}.Debug|Any CPU.Build.0 = Debug|Any CPU
		{9690DE84-06A9-4DE1-A12B-45A7461D0BA2}.Release|Any CPU.ActiveCfg = Release|Any CPU
		{9690DE84-06A9-4DE1-A12B-45A7461D0BA2}.Release|Any CPU.Build.0 = Release|Any CPU
		{25999E11-03EC-4E20-89EB-1F85831E7F81}.Debug|Any CPU.ActiveCfg = Debug|Any CPU
		{25999E11-03EC-4E20-89EB-1F85831E7F81}.Debug|Any CPU.Build.0 = Debug|Any CPU
		{25999E11-03EC-4E20-89EB-1F85831E7F81}.Release|Any CPU.ActiveCfg = Release|Any CPU
		{25999E11-03EC-4E20-89EB-1F85831E7F81}.Release|Any CPU.Build.0 = Release|Any CPU
	EndGlobalSection
EndGlobal
